
Microsoft Visual Studio Solution File, Format Version 12.00
# Visual Studio Version 17
VisualStudioVersion = 17.5.33627.172
MinimumVisualStudioVersion = 10.0.40219.1
Project("{9A19103F-16F7-4668-BE54-9A1E7A4F7556}") = "EstadoCuenta.Domain", "EstadoCuenta.Domain\EstadoCuenta.Domain.csproj", "{47FD206B-41CB-4F81-B519-1FDD59F0A0B8}"
EndProject
Project("{9A19103F-16F7-4668-BE54-9A1E7A4F7556}") = "EstadoCuenta.Application", "EstadoCuenta.Application\EstadoCuenta.Application.csproj", "{2874D0A8-2384-43A0-A6B2-A3FFAC51EB1E}"
EndProject
Project("{9A19103F-16F7-4668-BE54-9A1E7A4F7556}") = "EstadoCuenta.Infrastructure", "EstadoCuenta.Infrastructure\EstadoCuenta.Infrastructure.csproj", "{7DF46C51-C647-4D2E-9056-8E5188E543BB}"
EndProject
Project("{9A19103F-16F7-4668-BE54-9A1E7A4F7556}") = "EstadoCuenta.Api", "EstadoCuenta.Api\EstadoCuenta.Api.csproj", "{AFE267A6-9EFD-4A1C-9602-E3F17C5C0BB5}"
EndProject
Project("{9A19103F-16F7-4668-BE54-9A1E7A4F7556}") = "EstadoCuenta.Frontend", "EstadoCuenta.Frontend\EstadoCuenta.Frontend.csproj", "{31CBB167-865C-4F5D-8EA4-E902C6A4157A}"
EndProject
Global
	GlobalSection(SolutionConfigurationPlatforms) = preSolution
		Debug|Any CPU = Debug|Any CPU
		Release|Any CPU = Release|Any CPU
	EndGlobalSection
	GlobalSection(ProjectConfigurationPlatforms) = postSolution
		{47FD206B-41CB-4F81-B519-1FDD59F0A0B8}.Debug|Any CPU.ActiveCfg = Debug|Any CPU
		{47FD206B-41CB-4F81-B519-1FDD59F0A0B8}.Debug|Any CPU.Build.0 = Debug|Any CPU
		{47FD206B-41CB-4F81-B519-1FDD59F0A0B8}.Release|Any CPU.ActiveCfg = Release|Any CPU
		{47FD206B-41CB-4F81-B519-1FDD59F0A0B8}.Release|Any CPU.Build.0 = Release|Any CPU
		{2874D0A8-2384-43A0-A6B2-A3FFAC51EB1E}.Debug|Any CPU.ActiveCfg = Debug|Any CPU
		{2874D0A8-2384-43A0-A6B2-A3FFAC51EB1E}.Debug|Any CPU.Build.0 = Debug|Any CPU
		{2874D0A8-2384-43A0-A6B2-A3FFAC51EB1E}.Release|Any CPU.ActiveCfg = Release|Any CPU
		{2874D0A8-2384-43A0-A6B2-A3FFAC51EB1E}.Release|Any CPU.Build.0 = Release|Any CPU
		{7DF46C51-C647-4D2E-9056-8E5188E543BB}.Debug|Any CPU.ActiveCfg = Debug|Any CPU
		{7DF46C51-C647-4D2E-9056-8E5188E543BB}.Debug|Any CPU.Build.0 = Debug|Any CPU
		{7DF46C51-C647-4D2E-9056-8E5188E543BB}.Release|Any CPU.ActiveCfg = Release|Any CPU
		{7DF46C51-C647-4D2E-9056-8E5188E543BB}.Release|Any CPU.Build.0 = Release|Any CPU
		{AFE267A6-9EFD-4A1C-9602-E3F17C5C0BB5}.Debug|Any CPU.ActiveCfg = Debug|Any CPU
		{AFE267A6-9EFD-4A1C-9602-E3F17C5C0BB5}.Debug|Any CPU.Build.0 = Debug|Any CPU
		{AFE267A6-9EFD-4A1C-9602-E3F17C5C0BB5}.Release|Any CPU.ActiveCfg = Release|Any CPU
		{AFE267A6-9EFD-4A1C-9602-E3F17C5C0BB5}.Release|Any CPU.Build.0 = Release|Any CPU
		{31CBB167-865C-4F5D-8EA4-E902C6A4157A}.Debug|Any CPU.ActiveCfg = Debug|Any CPU
		{31CBB167-865C-4F5D-8EA4-E902C6A4157A}.Debug|Any CPU.Build.0 = Debug|Any CPU
		{31CBB167-865C-4F5D-8EA4-E902C6A4157A}.Release|Any CPU.ActiveCfg = Release|Any CPU
		{31CBB167-865C-4F5D-8EA4-E902C6A4157A}.Release|Any CPU.Build.0 = Release|Any CPU
	EndGlobalSection
	GlobalSection(SolutionProperties) = preSolution
		HideSolutionNode = FALSE
	EndGlobalSection
	GlobalSection(ExtensibilityGlobals) = postSolution
		SolutionGuid = {C6671AFA-ED2A-40EF-BF17-24C719A1EC35}
	EndGlobalSection
EndGlobal
